
Microsoft Visual Studio Solution File, Format Version 12.00
# Visual Studio Version 16
VisualStudioVersion = 16.0.29411.108
MinimumVisualStudioVersion = 10.0.40219.1
Project("{FAE04EC0-301F-11D3-BF4B-00C04F79EFBC}") = "SectorLabsTest", "SectorLabsTest\SectorLabsTest.csproj", "{68F954E1-EB08-4D0A-B8D6-91ACC96E98B9}"
EndProject
Global
	GlobalSection(SolutionConfigurationPlatforms) = preSolution
		Debug|Any CPU = Debug|Any CPU
		Release|Any CPU = Release|Any CPU
	EndGlobalSection
	GlobalSection(ProjectConfigurationPlatforms) = postSolution
		{68F954E1-EB08-4D0A-B8D6-91ACC96E98B9}.Debug|Any CPU.ActiveCfg = Debug|Any CPU
		{68F954E1-EB08-4D0A-B8D6-91ACC96E98B9}.Debug|Any CPU.Build.0 = Debug|Any CPU
		{68F954E1-EB08-4D0A-B8D6-91ACC96E98B9}.Release|Any CPU.ActiveCfg = Release|Any CPU
		{68F954E1-EB08-4D0A-B8D6-91ACC96E98B9}.Release|Any CPU.Build.0 = Release|Any CPU
	EndGlobalSection
	GlobalSection(SolutionProperties) = preSolution
		HideSolutionNode = FALSE
	EndGlobalSection
	GlobalSection(ExtensibilityGlobals) = postSolution
		SolutionGuid = {39DD3529-7044-4B39-92D7-86BC75B9E027}
	EndGlobalSection
EndGlobal
